{
    "version": 3,
    "terraform_version": "0.11.3",
    "serial": 46,
    "lineage": "7e780d7b-83d8-4206-8eb6-be6766c32d3d",
    "modules": [
        {
            "path": [
                "root"
            ],
            "outputs": {
                "instance_public_ip": {
                    "sensitive": false,
                    "type": "list",
                    "value": [
                        "scw-ci-1",
                        "scw-ci-2",
                        "scw-ci-3",
                        "163.172.136.184",
                        "51.15.208.93",
                        "51.15.243.182"
                    ]
                }
            },
            "resources": {
                "data.scaleway_image.instance_image": {
                    "type": "scaleway_image",
                    "depends_on": [],
                    "primary": {
                        "id": "8130d813-9b8e-49c2-a89c-890df3cbf29f",
                        "attributes": {
                            "architecture": "x86_64",
                            "creation_date": "2018-02-20T12:29:33.223654+00:00",
                            "id": "8130d813-9b8e-49c2-a89c-890df3cbf29f",
                            "name": "Kalisio-ubuntu-xenial-docker",
                            "organization": "90290327-6a6d-45f1-a9ac-557ac2238e84",
                            "public": "false"
                        },
                        "meta": {},
                        "tainted": false
                    },
                    "deposed": [],
                    "provider": "provider.scaleway"
                },
                "null_resource.deploy.0": {
                    "type": "null_resource",
                    "depends_on": [
                        "scaleway_ip.instance_ip.*"
                    ],
                    "primary": {
                        "id": "2334955501448075974",
                        "attributes": {
                            "id": "2334955501448075974"
                        },
                        "meta": {},
                        "tainted": false
                    },
                    "deposed": [],
                    "provider": "provider.null"
                },
                "null_resource.deploy.1": {
                    "type": "null_resource",
                    "depends_on": [
                        "scaleway_ip.instance_ip.*"
                    ],
                    "primary": {
                        "id": "1968418659475458247",
                        "attributes": {
                            "id": "1968418659475458247"
                        },
                        "meta": {},
                        "tainted": false
                    },
                    "deposed": [],
                    "provider": "provider.null"
                },
                "null_resource.deploy.2": {
                    "type": "null_resource",
                    "depends_on": [
                        "scaleway_ip.instance_ip.*"
                    ],
                    "primary": {
                        "id": "6321455932992264275",
                        "attributes": {
                            "id": "6321455932992264275"
                        },
                        "meta": {},
                        "tainted": true
                    },
                    "deposed": [],
                    "provider": "provider.null"
                },
                "scaleway_ip.instance_ip.0": {
                    "type": "scaleway_ip",
                    "depends_on": [],
                    "primary": {
                        "id": "834bf36e-377e-41ea-bccd-0d64de3b0b6c",
                        "attributes": {
                            "id": "834bf36e-377e-41ea-bccd-0d64de3b0b6c",
                            "ip": "163.172.136.184",
                            "server": "044d01aa-d574-4af1-a712-a0e6df78c2fa"
                        },
                        "meta": {},
                        "tainted": false
                    },
                    "deposed": [],
                    "provider": "provider.scaleway"
                },
                "scaleway_ip.instance_ip.1": {
                    "type": "scaleway_ip",
                    "depends_on": [],
                    "primary": {
                        "id": "2c7a2247-24a2-4fc8-b22c-f05c8a974894",
                        "attributes": {
                            "id": "2c7a2247-24a2-4fc8-b22c-f05c8a974894",
                            "ip": "51.15.208.93",
                            "server": "b8d9eb6b-683f-4a7b-9c0c-5cbb7f86fc86"
                        },
                        "meta": {},
                        "tainted": false
                    },
                    "deposed": [],
                    "provider": "provider.scaleway"
                },
                "scaleway_ip.instance_ip.2": {
                    "type": "scaleway_ip",
                    "depends_on": [],
                    "primary": {
                        "id": "feee7716-3825-4dc9-b7ff-3608ee5b71eb",
                        "attributes": {
                            "id": "feee7716-3825-4dc9-b7ff-3608ee5b71eb",
                            "ip": "51.15.243.182"
                        },
                        "meta": {},
                        "tainted": false
                    },
                    "deposed": [],
                    "provider": "provider.scaleway"
                },
                "scaleway_security_group.instance_sg": {
                    "type": "scaleway_security_group",
                    "depends_on": [],
                    "primary": {
                        "id": "e39a905d-2c99-4f6e-b66d-b24101ba218b",
                        "attributes": {
                            "description": "Allow SSH, HTTP, HTTPS traffic",
                            "enable_default_security": "false",
                            "id": "e39a905d-2c99-4f6e-b66d-b24101ba218b",
                            "name": "scw-ci-sg"
                        },
                        "meta": {},
                        "tainted": false
                    },
                    "deposed": [],
                    "provider": "provider.scaleway"
                },
                "scaleway_security_group_rule.http_accept": {
                    "type": "scaleway_security_group_rule",
                    "depends_on": [
                        "scaleway_security_group.instance_sg"
                    ],
                    "primary": {
                        "id": "4325b991-45d6-43a1-b9b9-70414bec4e4c",
                        "attributes": {
                            "action": "accept",
                            "direction": "inbound",
                            "id": "4325b991-45d6-43a1-b9b9-70414bec4e4c",
                            "ip_range": "0.0.0.0/0",
                            "port": "80",
                            "protocol": "TCP",
                            "security_group": "e39a905d-2c99-4f6e-b66d-b24101ba218b"
                        },
                        "meta": {},
                        "tainted": false
                    },
                    "deposed": [],
                    "provider": "provider.scaleway"
                },
                "scaleway_security_group_rule.https_accept": {
                    "type": "scaleway_security_group_rule",
                    "depends_on": [
                        "scaleway_security_group.instance_sg"
                    ],
                    "primary": {
                        "id": "7bb0c8e2-fe51-4f84-823c-61f31687f8bb",
                        "attributes": {
                            "action": "accept",
                            "direction": "inbound",
                            "id": "7bb0c8e2-fe51-4f84-823c-61f31687f8bb",
                            "ip_range": "0.0.0.0/0",
                            "port": "443",
                            "protocol": "TCP",
                            "security_group": "e39a905d-2c99-4f6e-b66d-b24101ba218b"
                        },
                        "meta": {},
                        "tainted": false
                    },
                    "deposed": [],
                    "provider": "provider.scaleway"
                },
                "scaleway_security_group_rule.ssh_accept": {
                    "type": "scaleway_security_group_rule",
                    "depends_on": [
                        "scaleway_security_group.instance_sg"
                    ],
                    "primary": {
                        "id": "48815ca8-c415-490e-a6ab-973b211b5cd7",
                        "attributes": {
                            "action": "accept",
                            "direction": "inbound",
                            "id": "48815ca8-c415-490e-a6ab-973b211b5cd7",
                            "ip_range": "0.0.0.0/0",
                            "port": "22",
                            "protocol": "TCP",
                            "security_group": "e39a905d-2c99-4f6e-b66d-b24101ba218b"
                        },
                        "meta": {},
                        "tainted": false
                    },
                    "deposed": [],
                    "provider": "provider.scaleway"
                },
                "scaleway_server.instance.0": {
                    "type": "scaleway_server",
                    "depends_on": [
                        "data.scaleway_image.instance_image",
                        "scaleway_ip.instance_ip.*",
                        "scaleway_security_group.instance_sg"
                    ],
                    "primary": {
                        "id": "044d01aa-d574-4af1-a712-a0e6df78c2fa",
                        "attributes": {
                            "enable_ipv6": "false",
                            "id": "044d01aa-d574-4af1-a712-a0e6df78c2fa",
                            "image": "8130d813-9b8e-49c2-a89c-890df3cbf29f",
                            "name": "scw-ci-1",
                            "private_ip": "10.1.230.225",
                            "public_ip": "163.172.136.184",
                            "security_group": "e39a905d-2c99-4f6e-b66d-b24101ba218b",
                            "state": "running",
                            "state_detail": "booted",
                            "tags.#": "0",
                            "type": "C2S"
                        },
                        "meta": {},
                        "tainted": false
                    },
                    "deposed": [],
                    "provider": "provider.scaleway"
                },
                "scaleway_server.instance.1": {
                    "type": "scaleway_server",
                    "depends_on": [
                        "data.scaleway_image.instance_image",
                        "scaleway_ip.instance_ip.*",
                        "scaleway_security_group.instance_sg"
                    ],
                    "primary": {
                        "id": "b8d9eb6b-683f-4a7b-9c0c-5cbb7f86fc86",
                        "attributes": {
                            "enable_ipv6": "false",
                            "id": "b8d9eb6b-683f-4a7b-9c0c-5cbb7f86fc86",
                            "image": "8130d813-9b8e-49c2-a89c-890df3cbf29f",
                            "name": "scw-ci-2",
                            "private_ip": "10.5.86.115",
                            "public_ip": "51.15.208.93",
                            "security_group": "e39a905d-2c99-4f6e-b66d-b24101ba218b",
                            "state": "stopping",
                            "state_detail": "rebooting",
                            "tags.#": "0",
                            "type": "C2S"
                        },
                        "meta": {},
                        "tainted": false
                    },
                    "deposed": [],
                    "provider": "provider.scaleway"
                },
                "scaleway_server.instance.2": {
                    "type": "scaleway_server",
                    "depends_on": [
                        "data.scaleway_image.instance_image",
                        "scaleway_ip.instance_ip.*",
                        "scaleway_security_group.instance_sg"
                    ],
                    "primary": {
                        "id": "c16a6bc7-1cb2-4187-b157-79a148dba417",
                        "attributes": {
                            "enable_ipv6": "false",
                            "id": "c16a6bc7-1cb2-4187-b157-79a148dba417",
                            "image": "8130d813-9b8e-49c2-a89c-890df3cbf29f",
                            "name": "scw-ci-3",
                            "private_ip": "10.1.85.149",
                            "public_ip": "51.15.243.182",
                            "security_group": "e39a905d-2c99-4f6e-b66d-b24101ba218b",
                            "state": "running",
                            "state_detail": "booting kernel",
                            "tags.#": "0",
                            "type": "C2S"
                        },
                        "meta": {},
                        "tainted": false
                    },
                    "deposed": [],
                    "provider": "provider.scaleway"
                }
            },
            "depends_on": []
        }
    ]
}
