{
    "version": 3,
    "terraform_version": "0.11.3",
    "serial": 2,
    "lineage": "7e780d7b-83d8-4206-8eb6-be6766c32d3d",
    "modules": [
        {
            "path": [
                "root"
            ],
            "outputs": {
                "instance_public_ip": {
                    "sensitive": false,
                    "type": "list",
                    "value": [
                        "scw-ci-1",
                        "212.47.231.15"
                    ]
                }
            },
            "resources": {
                "data.scaleway_image.instance_image": {
                    "type": "scaleway_image",
                    "depends_on": [],
                    "primary": {
                        "id": "8130d813-9b8e-49c2-a89c-890df3cbf29f",
                        "attributes": {
                            "architecture": "x86_64",
                            "creation_date": "2018-02-20T12:29:33.223654+00:00",
                            "id": "8130d813-9b8e-49c2-a89c-890df3cbf29f",
                            "name": "Kalisio-ubuntu-xenial-docker",
                            "organization": "90290327-6a6d-45f1-a9ac-557ac2238e84",
                            "public": "false"
                        },
                        "meta": {},
                        "tainted": false
                    },
                    "deposed": [],
                    "provider": "provider.scaleway"
                },
                "scaleway_ip.instance_ip": {
                    "type": "scaleway_ip",
                    "depends_on": [],
                    "primary": {
                        "id": "deb745a6-58e4-4b53-9c81-42da0ceac92f",
                        "attributes": {
                            "id": "deb745a6-58e4-4b53-9c81-42da0ceac92f",
                            "ip": "212.47.231.15"
                        },
                        "meta": {},
                        "tainted": false
                    },
                    "deposed": [],
                    "provider": "provider.scaleway"
                },
                "scaleway_security_group.instance_sg": {
                    "type": "scaleway_security_group",
                    "depends_on": [],
                    "primary": {
                        "id": "46c50917-bb7b-445d-a154-6ef1d424aea7",
                        "attributes": {
                            "description": "Allow SSH, HTTP, HTTPS traffic",
                            "enable_default_security": "true",
                            "id": "46c50917-bb7b-445d-a154-6ef1d424aea7",
                            "name": "instance_sg"
                        },
                        "meta": {},
                        "tainted": false
                    },
                    "deposed": [],
                    "provider": "provider.scaleway"
                },
                "scaleway_security_group_rule.http_accept": {
                    "type": "scaleway_security_group_rule",
                    "depends_on": [
                        "scaleway_security_group.instance_sg"
                    ],
                    "primary": {
                        "id": "99b1c85b-152b-4724-816a-3a44220fd5bd",
                        "attributes": {
                            "action": "accept",
                            "direction": "inbound",
                            "id": "99b1c85b-152b-4724-816a-3a44220fd5bd",
                            "ip_range": "0.0.0.0/0",
                            "port": "80",
                            "protocol": "TCP",
                            "security_group": "46c50917-bb7b-445d-a154-6ef1d424aea7"
                        },
                        "meta": {},
                        "tainted": false
                    },
                    "deposed": [],
                    "provider": "provider.scaleway"
                },
                "scaleway_security_group_rule.https_accept": {
                    "type": "scaleway_security_group_rule",
                    "depends_on": [
                        "scaleway_security_group.instance_sg"
                    ],
                    "primary": {
                        "id": "4a8731bc-9f5d-4596-93de-f60b3b3c5797",
                        "attributes": {
                            "action": "accept",
                            "direction": "inbound",
                            "id": "4a8731bc-9f5d-4596-93de-f60b3b3c5797",
                            "ip_range": "0.0.0.0/0",
                            "port": "443",
                            "protocol": "TCP",
                            "security_group": "46c50917-bb7b-445d-a154-6ef1d424aea7"
                        },
                        "meta": {},
                        "tainted": false
                    },
                    "deposed": [],
                    "provider": "provider.scaleway"
                },
                "scaleway_security_group_rule.ssh_accept": {
                    "type": "scaleway_security_group_rule",
                    "depends_on": [
                        "scaleway_security_group.instance_sg"
                    ],
                    "primary": {
                        "id": "c5fd4556-c5a4-4c66-b3f9-8cb47f1d385f",
                        "attributes": {
                            "action": "accept",
                            "direction": "inbound",
                            "id": "c5fd4556-c5a4-4c66-b3f9-8cb47f1d385f",
                            "ip_range": "0.0.0.0/0",
                            "port": "22",
                            "protocol": "TCP",
                            "security_group": "46c50917-bb7b-445d-a154-6ef1d424aea7"
                        },
                        "meta": {},
                        "tainted": false
                    },
                    "deposed": [],
                    "provider": "provider.scaleway"
                },
                "scaleway_server.instance": {
                    "type": "scaleway_server",
                    "depends_on": [
                        "data.scaleway_image.instance_image",
                        "scaleway_ip.instance_ip.*",
                        "scaleway_security_group.instance_sg"
                    ],
                    "primary": {
                        "id": "e94d181c-0c84-4a83-9426-c81b9c882cf2",
                        "attributes": {
                            "enable_ipv6": "false",
                            "id": "e94d181c-0c84-4a83-9426-c81b9c882cf2",
                            "image": "8130d813-9b8e-49c2-a89c-890df3cbf29f",
                            "name": "scw-ci-1",
                            "private_ip": "10.1.92.173",
                            "public_ip": "212.47.231.15",
                            "security_group": "46c50917-bb7b-445d-a154-6ef1d424aea7",
                            "state": "running",
                            "state_detail": "booted",
                            "tags.#": "0",
                            "type": "C2S",
                            "volume.#": "1",
                            "volume.0.size_in_gb": "50",
                            "volume.0.type": "l_ssd",
                            "volume.0.volume_id": "63d78dae-9a45-4822-9ec1-91b7b0c8eac4"
                        },
                        "meta": {},
                        "tainted": false
                    },
                    "deposed": [],
                    "provider": "provider.scaleway"
                }
            },
            "depends_on": []
        }
    ]
}
