# THIS IS AN AUTOGENERATED FILE. DO NOT EDIT THIS FILE DIRECTLY.
# yarn lockfile v1


bluebird@^3.0.6:
  version "3.5.3"
  resolved "https://registry.yarnpkg.com/bluebird/-/bluebird-3.5.3.tgz#7d01c6f9616c9a51ab0f8c549a79dfe6ec33efa7"
  integrity sha512-/qKPUQlaW1OyR51WeCPBvRnAlnZFUJkCSG5HzGnuIqhgyJtF+T94lFnn33eiazjRm2LAHVy2guNnaq48X9SJuw==

commander@^2.9.0:
  version "2.19.0"
  resolved "https://registry.yarnpkg.com/commander/-/commander-2.19.0.tgz#f6198aa84e5b83c46054b94ddedbfed5ee9ff12a"
  integrity sha512-6tvAOO+D6OENvRAh524Dh9jcfKTYDQAqvqezbCW82xj5X0pSrcpxtvRKHLG0yBY6SD7PSDrJaj+0AiOcKVd1Xg==

generate-changelog@^1.7.1:
  version "1.7.1"
  resolved "https://registry.yarnpkg.com/generate-changelog/-/generate-changelog-1.7.1.tgz#c0b549de34177e6a5d6414af3d74daea9a3cdc0f"
  integrity sha512-f57zId4iD0AVRyjHHH6SwOdevrW+5ikjr6ooqlzUf7Z27DBW4BZvWZtlXmy+LShf5C52aFBCvKVwd86ZA56ObQ==
  dependencies:
    bluebird "^3.0.6"
    commander "^2.9.0"
    github-url-from-git "^1.4.0"

github-url-from-git@^1.4.0:
  version "1.5.0"
  resolved "https://registry.yarnpkg.com/github-url-from-git/-/github-url-from-git-1.5.0.tgz#f985fedcc0a9aa579dc88d7aff068d55cc6251a0"
  integrity sha1-+YX+3MCpqledyI16/waNVcxiUaA=
